// !$*UTF8*$!
{
	archiveVersion = 1;
	classes = {
	};
	objectVersion = 52;
	objects = {

/* Begin PBXBuildFile section */
		914769BC264C62C200D5ABD5 /* MoveToView.swift in Sources */ = {isa = PBXBuildFile; fileRef = 914769BB264C62C200D5ABD5 /* MoveToView.swift */; };
		914769BD264C62C200D5ABD5 /* MoveToView.swift in Sources */ = {isa = PBXBuildFile; fileRef = 914769BB264C62C200D5ABD5 /* MoveToView.swift */; };
		914F1AA32653C29B00A35962 /* NavigationSearchBar in Frameworks */ = {isa = PBXBuildFile; productRef = 914F1AA22653C29B00A35962 /* NavigationSearchBar */; };
		9156C5BD264ADC2500E06E8E /* ASCollectionView in Frameworks */ = {isa = PBXBuildFile; productRef = 9156C5BC264ADC2500E06E8E /* ASCollectionView */; };
		9156C5BF264B255700E06E8E /* ContainerView.swift in Sources */ = {isa = PBXBuildFile; fileRef = 9156C5BE264B255700E06E8E /* ContainerView.swift */; };
		9156C5C0264B255700E06E8E /* ContainerView.swift in Sources */ = {isa = PBXBuildFile; fileRef = 9156C5BE264B255700E06E8E /* ContainerView.swift */; };
		9156C5C2264B257800E06E8E /* ItemView.swift in Sources */ = {isa = PBXBuildFile; fileRef = 9156C5C1264B257800E06E8E /* ItemView.swift */; };
		9156C5C3264B257800E06E8E /* ItemView.swift in Sources */ = {isa = PBXBuildFile; fileRef = 9156C5C1264B257800E06E8E /* ItemView.swift */; };
		917CB19F26480BB00081644F /* Inventauri.xcdatamodeld in Sources */ = {isa = PBXBuildFile; fileRef = 917CB18926480BAF0081644F /* Inventauri.xcdatamodeld */; };
		917CB1A026480BB00081644F /* Inventauri.xcdatamodeld in Sources */ = {isa = PBXBuildFile; fileRef = 917CB18926480BAF0081644F /* Inventauri.xcdatamodeld */; };
		917CB1A126480BB00081644F /* InventauriApp.swift in Sources */ = {isa = PBXBuildFile; fileRef = 917CB18B26480BAF0081644F /* InventauriApp.swift */; };
		917CB1A226480BB00081644F /* InventauriApp.swift in Sources */ = {isa = PBXBuildFile; fileRef = 917CB18B26480BAF0081644F /* InventauriApp.swift */; };
		917CB1A326480BB00081644F /* ItemsByGroupView.swift in Sources */ = {isa = PBXBuildFile; fileRef = 917CB18C26480BAF0081644F /* ItemsByGroupView.swift */; };
		917CB1A426480BB00081644F /* ItemsByGroupView.swift in Sources */ = {isa = PBXBuildFile; fileRef = 917CB18C26480BAF0081644F /* ItemsByGroupView.swift */; };
		917CB1A526480BB00081644F /* Persistence.swift in Sources */ = {isa = PBXBuildFile; fileRef = 917CB18D26480BAF0081644F /* Persistence.swift */; };
		917CB1A626480BB00081644F /* Persistence.swift in Sources */ = {isa = PBXBuildFile; fileRef = 917CB18D26480BAF0081644F /* Persistence.swift */; };
		917CB1B226487BF20081644F /* NewItemView.swift in Sources */ = {isa = PBXBuildFile; fileRef = 917CB1B126487BF20081644F /* NewItemView.swift */; };
		917CB1B326487BF20081644F /* NewItemView.swift in Sources */ = {isa = PBXBuildFile; fileRef = 917CB1B126487BF20081644F /* NewItemView.swift */; };
		917CB1B8264882BC0081644F /* AllItems.swift in Sources */ = {isa = PBXBuildFile; fileRef = 917CB1B7264882BC0081644F /* AllItems.swift */; };
		917CB1B9264882BC0081644F /* AllItems.swift in Sources */ = {isa = PBXBuildFile; fileRef = 917CB1B7264882BC0081644F /* AllItems.swift */; };
		917CB1BE26489D0E0081644F /* Assets.xcassets in Resources */ = {isa = PBXBuildFile; fileRef = 917CB1BD26489D0E0081644F /* Assets.xcassets */; };
		917CB1BF26489D0E0081644F /* Assets.xcassets in Resources */ = {isa = PBXBuildFile; fileRef = 917CB1BD26489D0E0081644F /* Assets.xcassets */; };
		917CB1C22648AF7A0081644F /* Item+CoreDataClass.swift in Sources */ = {isa = PBXBuildFile; fileRef = 917CB1C02648AF7A0081644F /* Item+CoreDataClass.swift */; };
		917CB1C32648AF7A0081644F /* Item+CoreDataClass.swift in Sources */ = {isa = PBXBuildFile; fileRef = 917CB1C02648AF7A0081644F /* Item+CoreDataClass.swift */; };
		917CB1C42648AF7A0081644F /* Item+CoreDataProperties.swift in Sources */ = {isa = PBXBuildFile; fileRef = 917CB1C12648AF7A0081644F /* Item+CoreDataProperties.swift */; };
		917CB1C52648AF7A0081644F /* Item+CoreDataProperties.swift in Sources */ = {isa = PBXBuildFile; fileRef = 917CB1C12648AF7A0081644F /* Item+CoreDataProperties.swift */; };
		91A44F17264EB46C0082BBA6 /* Introspect in Frameworks */ = {isa = PBXBuildFile; productRef = 91A44F16264EB46C0082BBA6 /* Introspect */; };
		91F1E5AB2651633200114A75 /* ImagePickerView.swift in Sources */ = {isa = PBXBuildFile; fileRef = 91F1E5AA2651633100114A75 /* ImagePickerView.swift */; };
		91F1E5AE2651695300114A75 /* Camera-SwiftUI in Frameworks */ = {isa = PBXBuildFile; productRef = 91F1E5AD2651695300114A75 /* Camera-SwiftUI */; };
		91F1E5B026516BE800114A75 /* CameraView.swift in Sources */ = {isa = PBXBuildFile; fileRef = 91F1E5AF26516BE800114A75 /* CameraView.swift */; };
/* End PBXBuildFile section */

/* Begin PBXFileReference section */
		914769BB264C62C200D5ABD5 /* MoveToView.swift */ = {isa = PBXFileReference; lastKnownFileType = sourcecode.swift; path = MoveToView.swift; sourceTree = "<group>"; };
		9156C5BE264B255700E06E8E /* ContainerView.swift */ = {isa = PBXFileReference; lastKnownFileType = sourcecode.swift; path = ContainerView.swift; sourceTree = "<group>"; };
		9156C5C1264B257800E06E8E /* ItemView.swift */ = {isa = PBXFileReference; lastKnownFileType = sourcecode.swift; path = ItemView.swift; sourceTree = "<group>"; };
		917CB18A26480BAF0081644F /* Shared.xcdatamodel */ = {isa = PBXFileReference; lastKnownFileType = wrapper.xcdatamodel; path = Shared.xcdatamodel; sourceTree = "<group>"; };
		917CB18B26480BAF0081644F /* InventauriApp.swift */ = {isa = PBXFileReference; lastKnownFileType = sourcecode.swift; path = InventauriApp.swift; sourceTree = "<group>"; };
		917CB18C26480BAF0081644F /* ItemsByGroupView.swift */ = {isa = PBXFileReference; lastKnownFileType = sourcecode.swift; path = ItemsByGroupView.swift; sourceTree = "<group>"; };
		917CB18D26480BAF0081644F /* Persistence.swift */ = {isa = PBXFileReference; lastKnownFileType = sourcecode.swift; path = Persistence.swift; sourceTree = "<group>"; };
		917CB19326480BB00081644F /* Inventauri.app */ = {isa = PBXFileReference; explicitFileType = wrapper.application; includeInIndex = 0; path = Inventauri.app; sourceTree = BUILT_PRODUCTS_DIR; };
		917CB19626480BB00081644F /* Info.plist */ = {isa = PBXFileReference; lastKnownFileType = text.plist.xml; path = Info.plist; sourceTree = "<group>"; };
		917CB19B26480BB00081644F /* Inventauri.app */ = {isa = PBXFileReference; explicitFileType = wrapper.application; includeInIndex = 0; path = Inventauri.app; sourceTree = BUILT_PRODUCTS_DIR; };
		917CB19D26480BB00081644F /* Info.plist */ = {isa = PBXFileReference; lastKnownFileType = text.plist.xml; path = Info.plist; sourceTree = "<group>"; };
		917CB19E26480BB00081644F /* macOS.entitlements */ = {isa = PBXFileReference; lastKnownFileType = text.plist.entitlements; path = macOS.entitlements; sourceTree = "<group>"; };
		917CB1B126487BF20081644F /* NewItemView.swift */ = {isa = PBXFileReference; lastKnownFileType = sourcecode.swift; path = NewItemView.swift; sourceTree = "<group>"; };
		917CB1B7264882BC0081644F /* AllItems.swift */ = {isa = PBXFileReference; lastKnownFileType = sourcecode.swift; path = AllItems.swift; sourceTree = "<group>"; };
		917CB1BD26489D0E0081644F /* Assets.xcassets */ = {isa = PBXFileReference; lastKnownFileType = folder.assetcatalog; path = Assets.xcassets; sourceTree = "<group>"; };
		917CB1C02648AF7A0081644F /* Item+CoreDataClass.swift */ = {isa = PBXFileReference; lastKnownFileType = sourcecode.swift; path = "Item+CoreDataClass.swift"; sourceTree = "<group>"; };
		917CB1C12648AF7A0081644F /* Item+CoreDataProperties.swift */ = {isa = PBXFileReference; lastKnownFileType = sourcecode.swift; path = "Item+CoreDataProperties.swift"; sourceTree = "<group>"; };
		91F1E5AA2651633100114A75 /* ImagePickerView.swift */ = {isa = PBXFileReference; lastKnownFileType = sourcecode.swift; path = ImagePickerView.swift; sourceTree = "<group>"; };
		91F1E5AF26516BE800114A75 /* CameraView.swift */ = {isa = PBXFileReference; lastKnownFileType = sourcecode.swift; path = CameraView.swift; sourceTree = "<group>"; };
/* End PBXFileReference section */

/* Begin PBXFrameworksBuildPhase section */
		917CB19026480BB00081644F /* Frameworks */ = {
			isa = PBXFrameworksBuildPhase;
			buildActionMask = 2147483647;
			files = (
				9156C5BD264ADC2500E06E8E /* ASCollectionView in Frameworks */,
				91F1E5AE2651695300114A75 /* Camera-SwiftUI in Frameworks */,
				914F1AA32653C29B00A35962 /* NavigationSearchBar in Frameworks */,
				91A44F17264EB46C0082BBA6 /* Introspect in Frameworks */,
			);
			runOnlyForDeploymentPostprocessing = 0;
		};
		917CB19826480BB00081644F /* Frameworks */ = {
			isa = PBXFrameworksBuildPhase;
			buildActionMask = 2147483647;
			files = (
			);
			runOnlyForDeploymentPostprocessing = 0;
		};
/* End PBXFrameworksBuildPhase section */

/* Begin PBXGroup section */
		914769B9264C562100D5ABD5 /* Views */ = {
			isa = PBXGroup;
			children = (
				914769BB264C62C200D5ABD5 /* MoveToView.swift */,
				917CB18C26480BAF0081644F /* ItemsByGroupView.swift */,
				9156C5C1264B257800E06E8E /* ItemView.swift */,
				9156C5BE264B255700E06E8E /* ContainerView.swift */,
				917CB1B126487BF20081644F /* NewItemView.swift */,
				917CB1B7264882BC0081644F /* AllItems.swift */,
			);
			path = Views;
			sourceTree = "<group>";
		};
		914769BA264C562700D5ABD5 /* Data Model */ = {
			isa = PBXGroup;
			children = (
				917CB1C02648AF7A0081644F /* Item+CoreDataClass.swift */,
				917CB1C12648AF7A0081644F /* Item+CoreDataProperties.swift */,
				917CB18926480BAF0081644F /* Inventauri.xcdatamodeld */,
			);
			path = "Data Model";
			sourceTree = "<group>";
		};
		917CB18326480BAE0081644F = {
			isa = PBXGroup;
			children = (
				917CB18826480BAF0081644F /* Shared */,
				917CB19526480BB00081644F /* iOS */,
				917CB19C26480BB00081644F /* macOS */,
				917CB19426480BB00081644F /* Products */,
			);
			sourceTree = "<group>";
		};
		917CB18826480BAF0081644F /* Shared */ = {
			isa = PBXGroup;
			children = (
				914769BA264C562700D5ABD5 /* Data Model */,
				914769B9264C562100D5ABD5 /* Views */,
				917CB18B26480BAF0081644F /* InventauriApp.swift */,
				917CB18D26480BAF0081644F /* Persistence.swift */,
				917CB1BD26489D0E0081644F /* Assets.xcassets */,
			);
			path = Shared;
			sourceTree = "<group>";
		};
		917CB19426480BB00081644F /* Products */ = {
			isa = PBXGroup;
			children = (
				917CB19326480BB00081644F /* Inventauri.app */,
				917CB19B26480BB00081644F /* Inventauri.app */,
			);
			name = Products;
			sourceTree = "<group>";
		};
		917CB19526480BB00081644F /* iOS */ = {
			isa = PBXGroup;
			children = (
				917CB19626480BB00081644F /* Info.plist */,
				91F1E5AA2651633100114A75 /* ImagePickerView.swift */,
				91F1E5AF26516BE800114A75 /* CameraView.swift */,
			);
			path = iOS;
			sourceTree = "<group>";
		};
		917CB19C26480BB00081644F /* macOS */ = {
			isa = PBXGroup;
			children = (
				917CB19D26480BB00081644F /* Info.plist */,
				917CB19E26480BB00081644F /* macOS.entitlements */,
			);
			path = macOS;
			sourceTree = "<group>";
		};
/* End PBXGroup section */

/* Begin PBXNativeTarget section */
		917CB19226480BB00081644F /* Inventauri (iOS) */ = {
			isa = PBXNativeTarget;
			buildConfigurationList = 917CB1AB26480BB00081644F /* Build configuration list for PBXNativeTarget "Inventauri (iOS)" */;
			buildPhases = (
				917CB18F26480BB00081644F /* Sources */,
				917CB19026480BB00081644F /* Frameworks */,
				917CB19126480BB00081644F /* Resources */,
			);
			buildRules = (
			);
			dependencies = (
			);
			name = "Inventauri (iOS)";
			packageProductDependencies = (
				9156C5BC264ADC2500E06E8E /* ASCollectionView */,
				91A44F16264EB46C0082BBA6 /* Introspect */,
				91F1E5AD2651695300114A75 /* Camera-SwiftUI */,
				914F1AA22653C29B00A35962 /* NavigationSearchBar */,
			);
			productName = "Inventauri (iOS)";
			productReference = 917CB19326480BB00081644F /* Inventauri.app */;
			productType = "com.apple.product-type.application";
		};
		917CB19A26480BB00081644F /* Inventauri (macOS) */ = {
			isa = PBXNativeTarget;
			buildConfigurationList = 917CB1AE26480BB00081644F /* Build configuration list for PBXNativeTarget "Inventauri (macOS)" */;
			buildPhases = (
				917CB19726480BB00081644F /* Sources */,
				917CB19826480BB00081644F /* Frameworks */,
				917CB19926480BB00081644F /* Resources */,
			);
			buildRules = (
			);
			dependencies = (
			);
			name = "Inventauri (macOS)";
			productName = "Inventauri (macOS)";
			productReference = 917CB19B26480BB00081644F /* Inventauri.app */;
			productType = "com.apple.product-type.application";
		};
/* End PBXNativeTarget section */

/* Begin PBXProject section */
		917CB18426480BAE0081644F /* Project object */ = {
			isa = PBXProject;
			attributes = {
				LastSwiftUpdateCheck = 1250;
				LastUpgradeCheck = 1250;
				TargetAttributes = {
					917CB19226480BB00081644F = {
						CreatedOnToolsVersion = 12.5;
					};
					917CB19A26480BB00081644F = {
						CreatedOnToolsVersion = 12.5;
					};
				};
			};
			buildConfigurationList = 917CB18726480BAE0081644F /* Build configuration list for PBXProject "Inventauri" */;
			compatibilityVersion = "Xcode 9.3";
			developmentRegion = en;
			hasScannedForEncodings = 0;
			knownRegions = (
				en,
				Base,
			);
			mainGroup = 917CB18326480BAE0081644F;
			packageReferences = (
				9156C5BB264ADC2500E06E8E /* XCRemoteSwiftPackageReference "ASCollectionView" */,
				91A44F15264EB46C0082BBA6 /* XCRemoteSwiftPackageReference "SwiftUI-Introspect" */,
				91F1E5AC2651695300114A75 /* XCRemoteSwiftPackageReference "Camera-SwiftUI" */,
				914F1AA12653C29B00A35962 /* XCRemoteSwiftPackageReference "navigationsearchbar" */,
			);
			productRefGroup = 917CB19426480BB00081644F /* Products */;
			projectDirPath = "";
			projectRoot = "";
			targets = (
				917CB19226480BB00081644F /* Inventauri (iOS) */,
				917CB19A26480BB00081644F /* Inventauri (macOS) */,
			);
		};
/* End PBXProject section */

/* Begin PBXResourcesBuildPhase section */
		917CB19126480BB00081644F /* Resources */ = {
			isa = PBXResourcesBuildPhase;
			buildActionMask = 2147483647;
			files = (
				917CB1BE26489D0E0081644F /* Assets.xcassets in Resources */,
			);
			runOnlyForDeploymentPostprocessing = 0;
		};
		917CB19926480BB00081644F /* Resources */ = {
			isa = PBXResourcesBuildPhase;
			buildActionMask = 2147483647;
			files = (
				917CB1BF26489D0E0081644F /* Assets.xcassets in Resources */,
			);
			runOnlyForDeploymentPostprocessing = 0;
		};
/* End PBXResourcesBuildPhase section */

/* Begin PBXSourcesBuildPhase section */
		917CB18F26480BB00081644F /* Sources */ = {
			isa = PBXSourcesBuildPhase;
			buildActionMask = 2147483647;
			files = (
				9156C5BF264B255700E06E8E /* ContainerView.swift in Sources */,
				917CB1A126480BB00081644F /* InventauriApp.swift in Sources */,
				91F1E5B026516BE800114A75 /* CameraView.swift in Sources */,
				917CB1A526480BB00081644F /* Persistence.swift in Sources */,
				91F1E5AB2651633200114A75 /* ImagePickerView.swift in Sources */,
				917CB19F26480BB00081644F /* Inventauri.xcdatamodeld in Sources */,
				917CB1A326480BB00081644F /* ItemsByGroupView.swift in Sources */,
				9156C5C2264B257800E06E8E /* ItemView.swift in Sources */,
				917CB1B226487BF20081644F /* NewItemView.swift in Sources */,
				917CB1C42648AF7A0081644F /* Item+CoreDataProperties.swift in Sources */,
				917CB1C22648AF7A0081644F /* Item+CoreDataClass.swift in Sources */,
				917CB1B8264882BC0081644F /* AllItems.swift in Sources */,
				914769BC264C62C200D5ABD5 /* MoveToView.swift in Sources */,
			);
			runOnlyForDeploymentPostprocessing = 0;
		};
		917CB19726480BB00081644F /* Sources */ = {
			isa = PBXSourcesBuildPhase;
			buildActionMask = 2147483647;
			files = (
				9156C5C0264B255700E06E8E /* ContainerView.swift in Sources */,
				917CB1A226480BB00081644F /* InventauriApp.swift in Sources */,
				917CB1A626480BB00081644F /* Persistence.swift in Sources */,
				917CB1A026480BB00081644F /* Inventauri.xcdatamodeld in Sources */,
				917CB1A426480BB00081644F /* ItemsByGroupView.swift in Sources */,
				9156C5C3264B257800E06E8E /* ItemView.swift in Sources */,
				917CB1B326487BF20081644F /* NewItemView.swift in Sources */,
				917CB1C52648AF7A0081644F /* Item+CoreDataProperties.swift in Sources */,
				917CB1C32648AF7A0081644F /* Item+CoreDataClass.swift in Sources */,
				917CB1B9264882BC0081644F /* AllItems.swift in Sources */,
				914769BD264C62C200D5ABD5 /* MoveToView.swift in Sources */,
			);
			runOnlyForDeploymentPostprocessing = 0;
		};
/* End PBXSourcesBuildPhase section */

/* Begin XCBuildConfiguration section */
		917CB1A926480BB00081644F /* Debug */ = {
			isa = XCBuildConfiguration;
			buildSettings = {
				ALWAYS_SEARCH_USER_PATHS = NO;
				CLANG_ANALYZER_NONNULL = YES;
				CLANG_ANALYZER_NUMBER_OBJECT_CONVERSION = YES_AGGRESSIVE;
				CLANG_CXX_LANGUAGE_STANDARD = "gnu++14";
				CLANG_CXX_LIBRARY = "libc++";
				CLANG_ENABLE_MODULES = YES;
				CLANG_ENABLE_OBJC_ARC = YES;
				CLANG_ENABLE_OBJC_WEAK = YES;
				CLANG_WARN_BLOCK_CAPTURE_AUTORELEASING = YES;
				CLANG_WARN_BOOL_CONVERSION = YES;
				CLANG_WARN_COMMA = YES;
				CLANG_WARN_CONSTANT_CONVERSION = YES;
				CLANG_WARN_DEPRECATED_OBJC_IMPLEMENTATIONS = YES;
				CLANG_WARN_DIRECT_OBJC_ISA_USAGE = YES_ERROR;
				CLANG_WARN_DOCUMENTATION_COMMENTS = YES;
				CLANG_WARN_EMPTY_BODY = YES;
				CLANG_WARN_ENUM_CONVERSION = YES;
				CLANG_WARN_INFINITE_RECURSION = YES;
				CLANG_WARN_INT_CONVERSION = YES;
				CLANG_WARN_NON_LITERAL_NULL_CONVERSION = YES;
				CLANG_WARN_OBJC_IMPLICIT_RETAIN_SELF = YES;
				CLANG_WARN_OBJC_LITERAL_CONVERSION = YES;
				CLANG_WARN_OBJC_ROOT_CLASS = YES_ERROR;
				CLANG_WARN_QUOTED_INCLUDE_IN_FRAMEWORK_HEADER = YES;
				CLANG_WARN_RANGE_LOOP_ANALYSIS = YES;
				CLANG_WARN_STRICT_PROTOTYPES = YES;
				CLANG_WARN_SUSPICIOUS_MOVE = YES;
				CLANG_WARN_UNGUARDED_AVAILABILITY = YES_AGGRESSIVE;
				CLANG_WARN_UNREACHABLE_CODE = YES;
				CLANG_WARN__DUPLICATE_METHOD_MATCH = YES;
				COPY_PHASE_STRIP = NO;
				DEBUG_INFORMATION_FORMAT = dwarf;
				ENABLE_STRICT_OBJC_MSGSEND = YES;
				ENABLE_TESTABILITY = YES;
				GCC_C_LANGUAGE_STANDARD = gnu11;
				GCC_DYNAMIC_NO_PIC = NO;
				GCC_NO_COMMON_BLOCKS = YES;
				GCC_OPTIMIZATION_LEVEL = 0;
				GCC_PREPROCESSOR_DEFINITIONS = (
					"DEBUG=1",
					"$(inherited)",
				);
				GCC_WARN_64_TO_32_BIT_CONVERSION = YES;
				GCC_WARN_ABOUT_RETURN_TYPE = YES_ERROR;
				GCC_WARN_UNDECLARED_SELECTOR = YES;
				GCC_WARN_UNINITIALIZED_AUTOS = YES_AGGRESSIVE;
				GCC_WARN_UNUSED_FUNCTION = YES;
				GCC_WARN_UNUSED_VARIABLE = YES;
				IPHONEOS_DEPLOYMENT_TARGET = 14.1;
				MACOSX_DEPLOYMENT_TARGET = 10.15;
				MTL_ENABLE_DEBUG_INFO = INCLUDE_SOURCE;
				MTL_FAST_MATH = YES;
				ONLY_ACTIVE_ARCH = YES;
				SWIFT_ACTIVE_COMPILATION_CONDITIONS = DEBUG;
				SWIFT_OPTIMIZATION_LEVEL = "-Onone";
			};
			name = Debug;
		};
		917CB1AA26480BB00081644F /* Release */ = {
			isa = XCBuildConfiguration;
			buildSettings = {
				ALWAYS_SEARCH_USER_PATHS = NO;
				CLANG_ANALYZER_NONNULL = YES;
				CLANG_ANALYZER_NUMBER_OBJECT_CONVERSION = YES_AGGRESSIVE;
				CLANG_CXX_LANGUAGE_STANDARD = "gnu++14";
				CLANG_CXX_LIBRARY = "libc++";
				CLANG_ENABLE_MODULES = YES;
				CLANG_ENABLE_OBJC_ARC = YES;
				CLANG_ENABLE_OBJC_WEAK = YES;
				CLANG_WARN_BLOCK_CAPTURE_AUTORELEASING = YES;
				CLANG_WARN_BOOL_CONVERSION = YES;
				CLANG_WARN_COMMA = YES;
				CLANG_WARN_CONSTANT_CONVERSION = YES;
				CLANG_WARN_DEPRECATED_OBJC_IMPLEMENTATIONS = YES;
				CLANG_WARN_DIRECT_OBJC_ISA_USAGE = YES_ERROR;
				CLANG_WARN_DOCUMENTATION_COMMENTS = YES;
				CLANG_WARN_EMPTY_BODY = YES;
				CLANG_WARN_ENUM_CONVERSION = YES;
				CLANG_WARN_INFINITE_RECURSION = YES;
				CLANG_WARN_INT_CONVERSION = YES;
				CLANG_WARN_NON_LITERAL_NULL_CONVERSION = YES;
				CLANG_WARN_OBJC_IMPLICIT_RETAIN_SELF = YES;
				CLANG_WARN_OBJC_LITERAL_CONVERSION = YES;
				CLANG_WARN_OBJC_ROOT_CLASS = YES_ERROR;
				CLANG_WARN_QUOTED_INCLUDE_IN_FRAMEWORK_HEADER = YES;
				CLANG_WARN_RANGE_LOOP_ANALYSIS = YES;
				CLANG_WARN_STRICT_PROTOTYPES = YES;
				CLANG_WARN_SUSPICIOUS_MOVE = YES;
				CLANG_WARN_UNGUARDED_AVAILABILITY = YES_AGGRESSIVE;
				CLANG_WARN_UNREACHABLE_CODE = YES;
				CLANG_WARN__DUPLICATE_METHOD_MATCH = YES;
				COPY_PHASE_STRIP = NO;
				DEBUG_INFORMATION_FORMAT = "dwarf-with-dsym";
				ENABLE_NS_ASSERTIONS = NO;
				ENABLE_STRICT_OBJC_MSGSEND = YES;
				GCC_C_LANGUAGE_STANDARD = gnu11;
				GCC_NO_COMMON_BLOCKS = YES;
				GCC_WARN_64_TO_32_BIT_CONVERSION = YES;
				GCC_WARN_ABOUT_RETURN_TYPE = YES_ERROR;
				GCC_WARN_UNDECLARED_SELECTOR = YES;
				GCC_WARN_UNINITIALIZED_AUTOS = YES_AGGRESSIVE;
				GCC_WARN_UNUSED_FUNCTION = YES;
				GCC_WARN_UNUSED_VARIABLE = YES;
				IPHONEOS_DEPLOYMENT_TARGET = 14.1;
				MACOSX_DEPLOYMENT_TARGET = 10.15;
				MTL_ENABLE_DEBUG_INFO = NO;
				MTL_FAST_MATH = YES;
				SWIFT_COMPILATION_MODE = wholemodule;
				SWIFT_OPTIMIZATION_LEVEL = "-O";
			};
			name = Release;
		};
		917CB1AC26480BB00081644F /* Debug */ = {
			isa = XCBuildConfiguration;
			buildSettings = {
				ASSETCATALOG_COMPILER_APPICON_NAME = AppIcon;
				ASSETCATALOG_COMPILER_GLOBAL_ACCENT_COLOR_NAME = AccentColor;
				CODE_SIGN_STYLE = Automatic;
				DEVELOPMENT_TEAM = SDPTWQFVDC;
				ENABLE_PREVIEWS = YES;
				INFOPLIST_FILE = iOS/Info.plist;
				IPHONEOS_DEPLOYMENT_TARGET = 14.0;
				LD_RUNPATH_SEARCH_PATHS = (
					"$(inherited)",
					"@executable_path/Frameworks",
				);
				PRODUCT_BUNDLE_IDENTIFIER = "anachronistic-tech.Inventauri";
				PRODUCT_NAME = Inventauri;
				SDKROOT = iphoneos;
				SWIFT_VERSION = 5.0;
				TARGETED_DEVICE_FAMILY = "1,2";
			};
			name = Debug;
		};
		917CB1AD26480BB00081644F /* Release */ = {
			isa = XCBuildConfiguration;
			buildSettings = {
				ASSETCATALOG_COMPILER_APPICON_NAME = AppIcon;
				ASSETCATALOG_COMPILER_GLOBAL_ACCENT_COLOR_NAME = AccentColor;
				CODE_SIGN_STYLE = Automatic;
				DEVELOPMENT_TEAM = SDPTWQFVDC;
				ENABLE_PREVIEWS = YES;
				INFOPLIST_FILE = iOS/Info.plist;
				IPHONEOS_DEPLOYMENT_TARGET = 14.0;
				LD_RUNPATH_SEARCH_PATHS = (
					"$(inherited)",
					"@executable_path/Frameworks",
				);
				PRODUCT_BUNDLE_IDENTIFIER = "anachronistic-tech.Inventauri";
				PRODUCT_NAME = Inventauri;
				SDKROOT = iphoneos;
				SWIFT_VERSION = 5.0;
				TARGETED_DEVICE_FAMILY = "1,2";
				VALIDATE_PRODUCT = YES;
			};
			name = Release;
		};
		917CB1AF26480BB00081644F /* Debug */ = {
			isa = XCBuildConfiguration;
			buildSettings = {
				ASSETCATALOG_COMPILER_APPICON_NAME = AppIcon;
				ASSETCATALOG_COMPILER_GLOBAL_ACCENT_COLOR_NAME = AccentColor;
				CODE_SIGN_ENTITLEMENTS = macOS/macOS.entitlements;
				CODE_SIGN_STYLE = Automatic;
				COMBINE_HIDPI_IMAGES = YES;
				DEVELOPMENT_TEAM = SDPTWQFVDC;
				ENABLE_HARDENED_RUNTIME = YES;
				ENABLE_PREVIEWS = YES;
				INFOPLIST_FILE = macOS/Info.plist;
				LD_RUNPATH_SEARCH_PATHS = (
					"$(inherited)",
					"@executable_path/../Frameworks",
				);
				MACOSX_DEPLOYMENT_TARGET = 11.0;
				PRODUCT_BUNDLE_IDENTIFIER = "anachronistic-tech.Inventauri";
				PRODUCT_NAME = Inventauri;
				SDKROOT = macosx;
				SWIFT_VERSION = 5.0;
			};
			name = Debug;
		};
		917CB1B026480BB00081644F /* Release */ = {
			isa = XCBuildConfiguration;
			buildSettings = {
				ASSETCATALOG_COMPILER_APPICON_NAME = AppIcon;
				ASSETCATALOG_COMPILER_GLOBAL_ACCENT_COLOR_NAME = AccentColor;
				CODE_SIGN_ENTITLEMENTS = macOS/macOS.entitlements;
				CODE_SIGN_STYLE = Automatic;
				COMBINE_HIDPI_IMAGES = YES;
				DEVELOPMENT_TEAM = SDPTWQFVDC;
				ENABLE_HARDENED_RUNTIME = YES;
				ENABLE_PREVIEWS = YES;
				INFOPLIST_FILE = macOS/Info.plist;
				LD_RUNPATH_SEARCH_PATHS = (
					"$(inherited)",
					"@executable_path/../Frameworks",
				);
				MACOSX_DEPLOYMENT_TARGET = 11.0;
				PRODUCT_BUNDLE_IDENTIFIER = "anachronistic-tech.Inventauri";
				PRODUCT_NAME = Inventauri;
				SDKROOT = macosx;
				SWIFT_VERSION = 5.0;
			};
			name = Release;
		};
/* End XCBuildConfiguration section */

/* Begin XCConfigurationList section */
		917CB18726480BAE0081644F /* Build configuration list for PBXProject "Inventauri" */ = {
			isa = XCConfigurationList;
			buildConfigurations = (
				917CB1A926480BB00081644F /* Debug */,
				917CB1AA26480BB00081644F /* Release */,
			);
			defaultConfigurationIsVisible = 0;
			defaultConfigurationName = Release;
		};
		917CB1AB26480BB00081644F /* Build configuration list for PBXNativeTarget "Inventauri (iOS)" */ = {
			isa = XCConfigurationList;
			buildConfigurations = (
				917CB1AC26480BB00081644F /* Debug */,
				917CB1AD26480BB00081644F /* Release */,
			);
			defaultConfigurationIsVisible = 0;
			defaultConfigurationName = Release;
		};
		917CB1AE26480BB00081644F /* Build configuration list for PBXNativeTarget "Inventauri (macOS)" */ = {
			isa = XCConfigurationList;
			buildConfigurations = (
				917CB1AF26480BB00081644F /* Debug */,
				917CB1B026480BB00081644F /* Release */,
			);
			defaultConfigurationIsVisible = 0;
			defaultConfigurationName = Release;
		};
/* End XCConfigurationList section */

/* Begin XCRemoteSwiftPackageReference section */
		914F1AA12653C29B00A35962 /* XCRemoteSwiftPackageReference "navigationsearchbar" */ = {
			isa = XCRemoteSwiftPackageReference;
			repositoryURL = "https://github.com/markvanwijnen/navigationsearchbar";
			requirement = {
				kind = upToNextMajorVersion;
				minimumVersion = 1.3.0;
			};
		};
		9156C5BB264ADC2500E06E8E /* XCRemoteSwiftPackageReference "ASCollectionView" */ = {
			isa = XCRemoteSwiftPackageReference;
			repositoryURL = "https://github.com/apptekstudios/ASCollectionView";
			requirement = {
				kind = upToNextMajorVersion;
				minimumVersion = 2.0.0;
			};
		};
		91A44F15264EB46C0082BBA6 /* XCRemoteSwiftPackageReference "SwiftUI-Introspect" */ = {
			isa = XCRemoteSwiftPackageReference;
			repositoryURL = "https://github.com/siteline/SwiftUI-Introspect";
			requirement = {
				kind = upToNextMajorVersion;
				minimumVersion = 0.1.3;
			};
		};
		91F1E5AC2651695300114A75 /* XCRemoteSwiftPackageReference "Camera-SwiftUI" */ = {
			isa = XCRemoteSwiftPackageReference;
			repositoryURL = "https://github.com/rorodriguez116/Camera-SwiftUI";
			requirement = {
				kind = upToNextMajorVersion;
				minimumVersion = 0.0.5;
			};
		};
/* End XCRemoteSwiftPackageReference section */

/* Begin XCSwiftPackageProductDependency section */
		914F1AA22653C29B00A35962 /* NavigationSearchBar */ = {
			isa = XCSwiftPackageProductDependency;
			package = 914F1AA12653C29B00A35962 /* XCRemoteSwiftPackageReference "navigationsearchbar" */;
			productName = NavigationSearchBar;
		};
		9156C5BC264ADC2500E06E8E /* ASCollectionView */ = {
			isa = XCSwiftPackageProductDependency;
			package = 9156C5BB264ADC2500E06E8E /* XCRemoteSwiftPackageReference "ASCollectionView" */;
			productName = ASCollectionView;
		};
		91A44F16264EB46C0082BBA6 /* Introspect */ = {
			isa = XCSwiftPackageProductDependency;
			package = 91A44F15264EB46C0082BBA6 /* XCRemoteSwiftPackageReference "SwiftUI-Introspect" */;
			productName = Introspect;
		};
		91F1E5AD2651695300114A75 /* Camera-SwiftUI */ = {
			isa = XCSwiftPackageProductDependency;
			package = 91F1E5AC2651695300114A75 /* XCRemoteSwiftPackageReference "Camera-SwiftUI" */;
			productName = "Camera-SwiftUI";
		};
/* End XCSwiftPackageProductDependency section */

/* Begin XCVersionGroup section */
		917CB18926480BAF0081644F /* Inventauri.xcdatamodeld */ = {
			isa = XCVersionGroup;
			children = (
				917CB18A26480BAF0081644F /* Shared.xcdatamodel */,
			);
			currentVersion = 917CB18A26480BAF0081644F /* Shared.xcdatamodel */;
			path = Inventauri.xcdatamodeld;
			sourceTree = "<group>";
			versionGroupType = wrapper.xcdatamodel;
		};
/* End XCVersionGroup section */
	};
	rootObject = 917CB18426480BAE0081644F /* Project object */;
}
